
Microsoft Visual Studio Solution File, Format Version 12.00
# Visual Studio 15
VisualStudioVersion = 15.0.27130.2003
MinimumVisualStudioVersion = 10.0.40219.1
Project("{FAE04EC0-301F-11D3-BF4B-00C04F79EFBC}") = "addressbook-web-tests", "addressbook-web-tests\addressbook-web-tests.csproj", "{118858E7-D735-45CF-A73C-5A65D1C3C304}"
EndProject
Project("{FAE04EC0-301F-11D3-BF4B-00C04F79EFBC}") = "addressbook-test-data-generators", "addressbook-test-data-generators\addressbook-test-data-generators.csproj", "{A98CA081-65D6-49CC-AAE2-15147BC8EEC9}"
	ProjectSection(ProjectDependencies) = postProject
		{118858E7-D735-45CF-A73C-5A65D1C3C304} = {118858E7-D735-45CF-A73C-5A65D1C3C304}
	EndProjectSection
EndProject
Global
	GlobalSection(SolutionConfigurationPlatforms) = preSolution
		Debug|Any CPU = Debug|Any CPU
		Release|Any CPU = Release|Any CPU
	EndGlobalSection
	GlobalSection(ProjectConfigurationPlatforms) = postSolution
		{118858E7-D735-45CF-A73C-5A65D1C3C304}.Debug|Any CPU.ActiveCfg = Debug|Any CPU
		{118858E7-D735-45CF-A73C-5A65D1C3C304}.Debug|Any CPU.Build.0 = Debug|Any CPU
		{118858E7-D735-45CF-A73C-5A65D1C3C304}.Release|Any CPU.ActiveCfg = Release|Any CPU
		{118858E7-D735-45CF-A73C-5A65D1C3C304}.Release|Any CPU.Build.0 = Release|Any CPU
		{A98CA081-65D6-49CC-AAE2-15147BC8EEC9}.Debug|Any CPU.ActiveCfg = Debug|Any CPU
		{A98CA081-65D6-49CC-AAE2-15147BC8EEC9}.Debug|Any CPU.Build.0 = Debug|Any CPU
		{A98CA081-65D6-49CC-AAE2-15147BC8EEC9}.Release|Any CPU.ActiveCfg = Release|Any CPU
		{A98CA081-65D6-49CC-AAE2-15147BC8EEC9}.Release|Any CPU.Build.0 = Release|Any CPU
	EndGlobalSection
	GlobalSection(SolutionProperties) = preSolution
		HideSolutionNode = FALSE
	EndGlobalSection
	GlobalSection(ExtensibilityGlobals) = postSolution
		SolutionGuid = {BED7C6E6-1715-4A10-991F-73ACD18F6322}
	EndGlobalSection
EndGlobal
